
Microsoft Visual Studio Solution File, Format Version 12.00
# Visual Studio Version 17
VisualStudioVersion = 17.6.33723.286
MinimumVisualStudioVersion = 10.0.40219.1
Project("{9A19103F-16F7-4668-BE54-9A1E7A4F7556}") = "Dominio.loja", "Dominio.loja\Dominio.loja.csproj", "{D1731265-612B-4E7B-87A0-05467AFCC47A}"
EndProject
Project("{9A19103F-16F7-4668-BE54-9A1E7A4F7556}") = "Infra.loja", "Infra.loja\Infra.loja.csproj", "{00818977-295E-4060-84C5-52436A2C2BD6}"
EndProject
Project("{9A19103F-16F7-4668-BE54-9A1E7A4F7556}") = "Tests.loja", "Tests.Loja\Tests.loja.csproj", "{FE9655C9-C124-406A-9C29-583E2FC416EA}"
EndProject
Project("{9A19103F-16F7-4668-BE54-9A1E7A4F7556}") = "Utils.loja", "Utils.loja\Utils.loja.csproj", "{9116E0A7-9470-4016-8412-E87C5BB13D56}"
EndProject
Project("{9092AA53-FB77-4645-B42D-1CCCA6BD08BD}") = "FrontEnd.loja", "FrontEnd.loja_\FrontEnd.loja.njsproj", "{DF0AA249-7CD7-49E0-805A-34C4E7E62B6A}"
EndProject
Project("{54A90642-561A-4BB1-A94E-469ADEE60C69}") = "Admin.loja", "Admin.loja\Admin.loja.esproj", "{38643B03-3C1F-4167-A204-A0991D817CD5}"
EndProject
Project("{9A19103F-16F7-4668-BE54-9A1E7A4F7556}") = "Api.loja", "Api.loja\Api.loja.csproj", "{763624BB-10DB-4F09-B027-096974F1BEE4}"
EndProject
Project("{54A90642-561A-4BB1-A94E-469ADEE60C69}") = "Loja.loja", "Loja.loja\Loja.loja.esproj", "{1245CBC0-65B6-4F7D-A3AE-DF4D590BE046}"
EndProject
Project("{9A19103F-16F7-4668-BE54-9A1E7A4F7556}") = "Framework.loja", "Framework.loja\Framework.loja.csproj", "{F02D2E32-EF1A-4A9F-8924-2286F5D04F1A}"
EndProject
Project("{9A19103F-16F7-4668-BE54-9A1E7A4F7556}") = "WFileManager", "MicroServices\Integrations\WFileUploader\WFileManager.csproj", "{FBD3C04A-022A-4344-9359-D116ECF56391}"
EndProject
Project("{9A19103F-16F7-4668-BE54-9A1E7A4F7556}") = "QuartzScheduler", "MicroServices\Integrations\QuartzScheduler\QuartzScheduler.csproj", "{3DAA5D39-55AF-4BBE-B8F1-0408651B4130}"
EndProject
Project("{9A19103F-16F7-4668-BE54-9A1E7A4F7556}") = "Api.ServicesManager", "MicroServices\Api.ServicesManager\Api.ServicesManager.csproj", "{C8B91793-6984-41D3-974A-5C478216FD86}"
EndProject
Project("{9A19103F-16F7-4668-BE54-9A1E7A4F7556}") = "RabbitMQ.loja", "MicroServices\Integrations\RabbitMQ.loja\RabbitMQ.loja.csproj", "{0E9D6BF6-6827-4CAA-895F-FFF23B93827C}"
EndProject
Project("{2150E333-8FDC-42A3-9474-1A3956D46DE8}") = "MicroServices", "MicroServices", "{BE77E78D-23A1-43A6-A8F8-0C2F49F91CBA}"
EndProject
Project("{2150E333-8FDC-42A3-9474-1A3956D46DE8}") = "Integrations", "Integrations", "{F0078AAC-8F68-407F-9BE6-9DCCDBEE5A1E}"
EndProject
Global
	GlobalSection(SolutionConfigurationPlatforms) = preSolution
		Debug|Any CPU = Debug|Any CPU
		Release|Any CPU = Release|Any CPU
	EndGlobalSection
	GlobalSection(ProjectConfigurationPlatforms) = postSolution
		{D1731265-612B-4E7B-87A0-05467AFCC47A}.Debug|Any CPU.ActiveCfg = Debug|Any CPU
		{D1731265-612B-4E7B-87A0-05467AFCC47A}.Debug|Any CPU.Build.0 = Debug|Any CPU
		{D1731265-612B-4E7B-87A0-05467AFCC47A}.Release|Any CPU.ActiveCfg = Release|Any CPU
		{D1731265-612B-4E7B-87A0-05467AFCC47A}.Release|Any CPU.Build.0 = Release|Any CPU
		{00818977-295E-4060-84C5-52436A2C2BD6}.Debug|Any CPU.ActiveCfg = Debug|Any CPU
		{00818977-295E-4060-84C5-52436A2C2BD6}.Debug|Any CPU.Build.0 = Debug|Any CPU
		{00818977-295E-4060-84C5-52436A2C2BD6}.Release|Any CPU.ActiveCfg = Release|Any CPU
		{00818977-295E-4060-84C5-52436A2C2BD6}.Release|Any CPU.Build.0 = Release|Any CPU
		{FE9655C9-C124-406A-9C29-583E2FC416EA}.Debug|Any CPU.ActiveCfg = Debug|Any CPU
		{FE9655C9-C124-406A-9C29-583E2FC416EA}.Debug|Any CPU.Build.0 = Debug|Any CPU
		{FE9655C9-C124-406A-9C29-583E2FC416EA}.Release|Any CPU.ActiveCfg = Release|Any CPU
		{FE9655C9-C124-406A-9C29-583E2FC416EA}.Release|Any CPU.Build.0 = Release|Any CPU
		{9116E0A7-9470-4016-8412-E87C5BB13D56}.Debug|Any CPU.ActiveCfg = Debug|Any CPU
		{9116E0A7-9470-4016-8412-E87C5BB13D56}.Debug|Any CPU.Build.0 = Debug|Any CPU
		{9116E0A7-9470-4016-8412-E87C5BB13D56}.Release|Any CPU.ActiveCfg = Release|Any CPU
		{9116E0A7-9470-4016-8412-E87C5BB13D56}.Release|Any CPU.Build.0 = Release|Any CPU
		{DF0AA249-7CD7-49E0-805A-34C4E7E62B6A}.Debug|Any CPU.ActiveCfg = Debug|Any CPU
		{DF0AA249-7CD7-49E0-805A-34C4E7E62B6A}.Debug|Any CPU.Build.0 = Debug|Any CPU
		{DF0AA249-7CD7-49E0-805A-34C4E7E62B6A}.Release|Any CPU.ActiveCfg = Release|Any CPU
		{DF0AA249-7CD7-49E0-805A-34C4E7E62B6A}.Release|Any CPU.Build.0 = Release|Any CPU
		{38643B03-3C1F-4167-A204-A0991D817CD5}.Debug|Any CPU.ActiveCfg = Debug|Any CPU
		{38643B03-3C1F-4167-A204-A0991D817CD5}.Debug|Any CPU.Build.0 = Debug|Any CPU
		{38643B03-3C1F-4167-A204-A0991D817CD5}.Debug|Any CPU.Deploy.0 = Debug|Any CPU
		{38643B03-3C1F-4167-A204-A0991D817CD5}.Release|Any CPU.ActiveCfg = Release|Any CPU
		{38643B03-3C1F-4167-A204-A0991D817CD5}.Release|Any CPU.Build.0 = Release|Any CPU
		{38643B03-3C1F-4167-A204-A0991D817CD5}.Release|Any CPU.Deploy.0 = Release|Any CPU
		{763624BB-10DB-4F09-B027-096974F1BEE4}.Debug|Any CPU.ActiveCfg = Debug|Any CPU
		{763624BB-10DB-4F09-B027-096974F1BEE4}.Debug|Any CPU.Build.0 = Debug|Any CPU
		{763624BB-10DB-4F09-B027-096974F1BEE4}.Release|Any CPU.ActiveCfg = Release|Any CPU
		{763624BB-10DB-4F09-B027-096974F1BEE4}.Release|Any CPU.Build.0 = Release|Any CPU
		{1245CBC0-65B6-4F7D-A3AE-DF4D590BE046}.Debug|Any CPU.ActiveCfg = Debug|Any CPU
		{1245CBC0-65B6-4F7D-A3AE-DF4D590BE046}.Debug|Any CPU.Build.0 = Debug|Any CPU
		{1245CBC0-65B6-4F7D-A3AE-DF4D590BE046}.Debug|Any CPU.Deploy.0 = Debug|Any CPU
		{1245CBC0-65B6-4F7D-A3AE-DF4D590BE046}.Release|Any CPU.ActiveCfg = Release|Any CPU
		{1245CBC0-65B6-4F7D-A3AE-DF4D590BE046}.Release|Any CPU.Build.0 = Release|Any CPU
		{1245CBC0-65B6-4F7D-A3AE-DF4D590BE046}.Release|Any CPU.Deploy.0 = Release|Any CPU
		{F02D2E32-EF1A-4A9F-8924-2286F5D04F1A}.Debug|Any CPU.ActiveCfg = Debug|Any CPU
		{F02D2E32-EF1A-4A9F-8924-2286F5D04F1A}.Debug|Any CPU.Build.0 = Debug|Any CPU
		{F02D2E32-EF1A-4A9F-8924-2286F5D04F1A}.Release|Any CPU.ActiveCfg = Release|Any CPU
		{F02D2E32-EF1A-4A9F-8924-2286F5D04F1A}.Release|Any CPU.Build.0 = Release|Any CPU
		{FBD3C04A-022A-4344-9359-D116ECF56391}.Debug|Any CPU.ActiveCfg = Debug|Any CPU
		{FBD3C04A-022A-4344-9359-D116ECF56391}.Debug|Any CPU.Build.0 = Debug|Any CPU
		{FBD3C04A-022A-4344-9359-D116ECF56391}.Release|Any CPU.ActiveCfg = Release|Any CPU
		{FBD3C04A-022A-4344-9359-D116ECF56391}.Release|Any CPU.Build.0 = Release|Any CPU
		{3DAA5D39-55AF-4BBE-B8F1-0408651B4130}.Debug|Any CPU.ActiveCfg = Debug|Any CPU
		{3DAA5D39-55AF-4BBE-B8F1-0408651B4130}.Debug|Any CPU.Build.0 = Debug|Any CPU
		{3DAA5D39-55AF-4BBE-B8F1-0408651B4130}.Release|Any CPU.ActiveCfg = Release|Any CPU
		{3DAA5D39-55AF-4BBE-B8F1-0408651B4130}.Release|Any CPU.Build.0 = Release|Any CPU
		{C8B91793-6984-41D3-974A-5C478216FD86}.Debug|Any CPU.ActiveCfg = Debug|Any CPU
		{C8B91793-6984-41D3-974A-5C478216FD86}.Debug|Any CPU.Build.0 = Debug|Any CPU
		{C8B91793-6984-41D3-974A-5C478216FD86}.Release|Any CPU.ActiveCfg = Release|Any CPU
		{C8B91793-6984-41D3-974A-5C478216FD86}.Release|Any CPU.Build.0 = Release|Any CPU
		{0E9D6BF6-6827-4CAA-895F-FFF23B93827C}.Debug|Any CPU.ActiveCfg = Debug|Any CPU
		{0E9D6BF6-6827-4CAA-895F-FFF23B93827C}.Debug|Any CPU.Build.0 = Debug|Any CPU
		{0E9D6BF6-6827-4CAA-895F-FFF23B93827C}.Release|Any CPU.ActiveCfg = Release|Any CPU
		{0E9D6BF6-6827-4CAA-895F-FFF23B93827C}.Release|Any CPU.Build.0 = Release|Any CPU
	EndGlobalSection
	GlobalSection(SolutionProperties) = preSolution
		HideSolutionNode = FALSE
	EndGlobalSection
	GlobalSection(NestedProjects) = preSolution
		{FBD3C04A-022A-4344-9359-D116ECF56391} = {F0078AAC-8F68-407F-9BE6-9DCCDBEE5A1E}
		{3DAA5D39-55AF-4BBE-B8F1-0408651B4130} = {F0078AAC-8F68-407F-9BE6-9DCCDBEE5A1E}
		{C8B91793-6984-41D3-974A-5C478216FD86} = {BE77E78D-23A1-43A6-A8F8-0C2F49F91CBA}
		{0E9D6BF6-6827-4CAA-895F-FFF23B93827C} = {F0078AAC-8F68-407F-9BE6-9DCCDBEE5A1E}
		{F0078AAC-8F68-407F-9BE6-9DCCDBEE5A1E} = {BE77E78D-23A1-43A6-A8F8-0C2F49F91CBA}
	EndGlobalSection
	GlobalSection(ExtensibilityGlobals) = postSolution
		SolutionGuid = {EF31C4D9-01AD-4C44-98A6-D26512AC884A}
	EndGlobalSection
EndGlobal
