
Microsoft Visual Studio Solution File, Format Version 12.00
# Visual Studio Version 17
VisualStudioVersion = 17.6.33723.286
MinimumVisualStudioVersion = 10.0.40219.1
Project("{9A19103F-16F7-4668-BE54-9A1E7A4F7556}") = "Dominio.loja", "Dominio.loja\Dominio.loja.csproj", "{D1731265-612B-4E7B-87A0-05467AFCC47A}"
EndProject
Project("{9A19103F-16F7-4668-BE54-9A1E7A4F7556}") = "Infra.loja", "Infra.loja\Infra.loja.csproj", "{00818977-295E-4060-84C5-52436A2C2BD6}"
EndProject
Project("{9A19103F-16F7-4668-BE54-9A1E7A4F7556}") = "Tests.loja", "Tests.Loja\Tests.loja.csproj", "{FE9655C9-C124-406A-9C29-583E2FC416EA}"
EndProject
Project("{9A19103F-16F7-4668-BE54-9A1E7A4F7556}") = "Utils.loja", "Utils.loja\Utils.loja.csproj", "{9116E0A7-9470-4016-8412-E87C5BB13D56}"
EndProject
Project("{9092AA53-FB77-4645-B42D-1CCCA6BD08BD}") = "FrontEnd.loja", "FrontEnd.loja_\FrontEnd.loja.njsproj", "{DF0AA249-7CD7-49E0-805A-34C4E7E62B6A}"
EndProject
Project("{2150E333-8FDC-42A3-9474-1A3956D46DE8}") = "Integrations", "Integrations", "{054278CF-B8D9-441D-9832-E9E435AB8BAF}"
EndProject
Project("{9A19103F-16F7-4668-BE54-9A1E7A4F7556}") = "RabbitMQ.loja", "Integrations\RabbitMQ.loja\RabbitMQ.loja.csproj", "{0E9D6BF6-6827-4CAA-895F-FFF23B93827C}"
EndProject
Project("{54A90642-561A-4BB1-A94E-469ADEE60C69}") = "Admin.loja", "Admin.loja\Admin.loja.esproj", "{38643B03-3C1F-4167-A204-A0991D817CD5}"
EndProject
Project("{9A19103F-16F7-4668-BE54-9A1E7A4F7556}") = "Api.loja", "Api.loja\Api.loja.csproj", "{763624BB-10DB-4F09-B027-096974F1BEE4}"
EndProject
Project("{54A90642-561A-4BB1-A94E-469ADEE60C69}") = "Loja.loja", "Loja.loja\Loja.loja.esproj", "{1245CBC0-65B6-4F7D-A3AE-DF4D590BE046}"
EndProject
Project("{FAE04EC0-301F-11D3-BF4B-00C04F79EFBC}") = "WFileManager", "Integrations\WFileUploader\WFileManager.csproj", "{FBD3C04A-022A-4344-9359-D116ECF56391}"
EndProject
Global
	GlobalSection(SolutionConfigurationPlatforms) = preSolution
		Debug|Any CPU = Debug|Any CPU
		Release|Any CPU = Release|Any CPU
	EndGlobalSection
	GlobalSection(ProjectConfigurationPlatforms) = postSolution
		{D1731265-612B-4E7B-87A0-05467AFCC47A}.Debug|Any CPU.ActiveCfg = Debug|Any CPU
		{D1731265-612B-4E7B-87A0-05467AFCC47A}.Debug|Any CPU.Build.0 = Debug|Any CPU
		{D1731265-612B-4E7B-87A0-05467AFCC47A}.Release|Any CPU.ActiveCfg = Release|Any CPU
		{D1731265-612B-4E7B-87A0-05467AFCC47A}.Release|Any CPU.Build.0 = Release|Any CPU
		{00818977-295E-4060-84C5-52436A2C2BD6}.Debug|Any CPU.ActiveCfg = Debug|Any CPU
		{00818977-295E-4060-84C5-52436A2C2BD6}.Debug|Any CPU.Build.0 = Debug|Any CPU
		{00818977-295E-4060-84C5-52436A2C2BD6}.Release|Any CPU.ActiveCfg = Release|Any CPU
		{00818977-295E-4060-84C5-52436A2C2BD6}.Release|Any CPU.Build.0 = Release|Any CPU
		{FE9655C9-C124-406A-9C29-583E2FC416EA}.Debug|Any CPU.ActiveCfg = Debug|Any CPU
		{FE9655C9-C124-406A-9C29-583E2FC416EA}.Debug|Any CPU.Build.0 = Debug|Any CPU
		{FE9655C9-C124-406A-9C29-583E2FC416EA}.Release|Any CPU.ActiveCfg = Release|Any CPU
		{FE9655C9-C124-406A-9C29-583E2FC416EA}.Release|Any CPU.Build.0 = Release|Any CPU
		{9116E0A7-9470-4016-8412-E87C5BB13D56}.Debug|Any CPU.ActiveCfg = Debug|Any CPU
		{9116E0A7-9470-4016-8412-E87C5BB13D56}.Debug|Any CPU.Build.0 = Debug|Any CPU
		{9116E0A7-9470-4016-8412-E87C5BB13D56}.Release|Any CPU.ActiveCfg = Release|Any CPU
		{9116E0A7-9470-4016-8412-E87C5BB13D56}.Release|Any CPU.Build.0 = Release|Any CPU
		{DF0AA249-7CD7-49E0-805A-34C4E7E62B6A}.Debug|Any CPU.ActiveCfg = Debug|Any CPU
		{DF0AA249-7CD7-49E0-805A-34C4E7E62B6A}.Debug|Any CPU.Build.0 = Debug|Any CPU
		{DF0AA249-7CD7-49E0-805A-34C4E7E62B6A}.Release|Any CPU.ActiveCfg = Release|Any CPU
		{DF0AA249-7CD7-49E0-805A-34C4E7E62B6A}.Release|Any CPU.Build.0 = Release|Any CPU
		{0E9D6BF6-6827-4CAA-895F-FFF23B93827C}.Debug|Any CPU.ActiveCfg = Debug|Any CPU
		{0E9D6BF6-6827-4CAA-895F-FFF23B93827C}.Debug|Any CPU.Build.0 = Debug|Any CPU
		{0E9D6BF6-6827-4CAA-895F-FFF23B93827C}.Release|Any CPU.ActiveCfg = Release|Any CPU
		{0E9D6BF6-6827-4CAA-895F-FFF23B93827C}.Release|Any CPU.Build.0 = Release|Any CPU
		{38643B03-3C1F-4167-A204-A0991D817CD5}.Debug|Any CPU.ActiveCfg = Debug|Any CPU
		{38643B03-3C1F-4167-A204-A0991D817CD5}.Debug|Any CPU.Build.0 = Debug|Any CPU
		{38643B03-3C1F-4167-A204-A0991D817CD5}.Debug|Any CPU.Deploy.0 = Debug|Any CPU
		{38643B03-3C1F-4167-A204-A0991D817CD5}.Release|Any CPU.ActiveCfg = Release|Any CPU
		{38643B03-3C1F-4167-A204-A0991D817CD5}.Release|Any CPU.Build.0 = Release|Any CPU
		{38643B03-3C1F-4167-A204-A0991D817CD5}.Release|Any CPU.Deploy.0 = Release|Any CPU
		{763624BB-10DB-4F09-B027-096974F1BEE4}.Debug|Any CPU.ActiveCfg = Debug|Any CPU
		{763624BB-10DB-4F09-B027-096974F1BEE4}.Debug|Any CPU.Build.0 = Debug|Any CPU
		{763624BB-10DB-4F09-B027-096974F1BEE4}.Release|Any CPU.ActiveCfg = Release|Any CPU
		{763624BB-10DB-4F09-B027-096974F1BEE4}.Release|Any CPU.Build.0 = Release|Any CPU
		{1245CBC0-65B6-4F7D-A3AE-DF4D590BE046}.Debug|Any CPU.ActiveCfg = Debug|Any CPU
		{1245CBC0-65B6-4F7D-A3AE-DF4D590BE046}.Debug|Any CPU.Build.0 = Debug|Any CPU
		{1245CBC0-65B6-4F7D-A3AE-DF4D590BE046}.Debug|Any CPU.Deploy.0 = Debug|Any CPU
		{1245CBC0-65B6-4F7D-A3AE-DF4D590BE046}.Release|Any CPU.ActiveCfg = Release|Any CPU
		{1245CBC0-65B6-4F7D-A3AE-DF4D590BE046}.Release|Any CPU.Build.0 = Release|Any CPU
		{1245CBC0-65B6-4F7D-A3AE-DF4D590BE046}.Release|Any CPU.Deploy.0 = Release|Any CPU
		{FBD3C04A-022A-4344-9359-D116ECF56391}.Debug|Any CPU.ActiveCfg = Debug|Any CPU
		{FBD3C04A-022A-4344-9359-D116ECF56391}.Debug|Any CPU.Build.0 = Debug|Any CPU
		{FBD3C04A-022A-4344-9359-D116ECF56391}.Release|Any CPU.ActiveCfg = Release|Any CPU
		{FBD3C04A-022A-4344-9359-D116ECF56391}.Release|Any CPU.Build.0 = Release|Any CPU
	EndGlobalSection
	GlobalSection(SolutionProperties) = preSolution
		HideSolutionNode = FALSE
	EndGlobalSection
	GlobalSection(NestedProjects) = preSolution
		{0E9D6BF6-6827-4CAA-895F-FFF23B93827C} = {054278CF-B8D9-441D-9832-E9E435AB8BAF}
		{FBD3C04A-022A-4344-9359-D116ECF56391} = {054278CF-B8D9-441D-9832-E9E435AB8BAF}
	EndGlobalSection
	GlobalSection(ExtensibilityGlobals) = postSolution
		SolutionGuid = {EF31C4D9-01AD-4C44-98A6-D26512AC884A}
	EndGlobalSection
EndGlobal
