
Microsoft Visual Studio Solution File, Format Version 12.00
# Visual Studio Version 17
VisualStudioVersion = 17.5.002.0
MinimumVisualStudioVersion = 10.0.40219.1
Project("{9A19103F-16F7-4668-BE54-9A1E7A4F7556}") = "Api.ServicesManager", "Api.ServicesManager.csproj", "{868CBD93-B04B-45A7-945B-304BC21D92EE}"
EndProject
Global
	GlobalSection(SolutionConfigurationPlatforms) = preSolution
		Debug|Any CPU = Debug|Any CPU
		Release|Any CPU = Release|Any CPU
	EndGlobalSection
	GlobalSection(ProjectConfigurationPlatforms) = postSolution
		{868CBD93-B04B-45A7-945B-304BC21D92EE}.Debug|Any CPU.ActiveCfg = Debug|Any CPU
		{868CBD93-B04B-45A7-945B-304BC21D92EE}.Debug|Any CPU.Build.0 = Debug|Any CPU
		{868CBD93-B04B-45A7-945B-304BC21D92EE}.Release|Any CPU.ActiveCfg = Release|Any CPU
		{868CBD93-B04B-45A7-945B-304BC21D92EE}.Release|Any CPU.Build.0 = Release|Any CPU
	EndGlobalSection
	GlobalSection(SolutionProperties) = preSolution
		HideSolutionNode = FALSE
	EndGlobalSection
	GlobalSection(ExtensibilityGlobals) = postSolution
		SolutionGuid = {AEE2AF52-DE21-40CB-8F05-253CB2481008}
	EndGlobalSection
EndGlobal
